
Microsoft Visual Studio Solution File, Format Version 12.00
# Visual Studio Version 16
VisualStudioVersion = 16.0.31129.286
MinimumVisualStudioVersion = 10.0.40219.1
Project("{FAE04EC0-301F-11D3-BF4B-00C04F79EFBC}") = "XamarinFormsLatest.Android", "XamarinFormsLatest\XamarinFormsLatest.Android\XamarinFormsLatest.Android.csproj", "{11F67A23-9BDF-4C7B-B858-0960A955F66E}"
EndProject
Project("{FAE04EC0-301F-11D3-BF4B-00C04F79EFBC}") = "XamarinFormsLatest.iOS", "XamarinFormsLatest\XamarinFormsLatest.iOS\XamarinFormsLatest.iOS.csproj", "{3BA43688-DFAE-4CD0-B3F5-73AF9AA36D04}"
EndProject
Project("{FAE04EC0-301F-11D3-BF4B-00C04F79EFBC}") = "XamarinFormsLatest", "XamarinFormsLatest\XamarinFormsLatest\XamarinFormsLatest.csproj", "{6013299C-82FA-4D22-A645-087ED00F2FAB}"
EndProject
Global
	GlobalSection(SolutionConfigurationPlatforms) = preSolution
		Debug|Any CPU = Debug|Any CPU
		Debug|iPhone = Debug|iPhone
		Debug|iPhoneSimulator = Debug|iPhoneSimulator
		Release|Any CPU = Release|Any CPU
		Release|iPhone = Release|iPhone
		Release|iPhoneSimulator = Release|iPhoneSimulator
	EndGlobalSection
	GlobalSection(ProjectConfigurationPlatforms) = postSolution
		{11F67A23-9BDF-4C7B-B858-0960A955F66E}.Debug|Any CPU.ActiveCfg = Debug|Any CPU
		{11F67A23-9BDF-4C7B-B858-0960A955F66E}.Debug|Any CPU.Build.0 = Debug|Any CPU
		{11F67A23-9BDF-4C7B-B858-0960A955F66E}.Debug|Any CPU.Deploy.0 = Debug|Any CPU
		{11F67A23-9BDF-4C7B-B858-0960A955F66E}.Debug|iPhone.ActiveCfg = Debug|Any CPU
		{11F67A23-9BDF-4C7B-B858-0960A955F66E}.Debug|iPhone.Build.0 = Debug|Any CPU
		{11F67A23-9BDF-4C7B-B858-0960A955F66E}.Debug|iPhone.Deploy.0 = Debug|Any CPU
		{11F67A23-9BDF-4C7B-B858-0960A955F66E}.Debug|iPhoneSimulator.ActiveCfg = Debug|Any CPU
		{11F67A23-9BDF-4C7B-B858-0960A955F66E}.Debug|iPhoneSimulator.Build.0 = Debug|Any CPU
		{11F67A23-9BDF-4C7B-B858-0960A955F66E}.Debug|iPhoneSimulator.Deploy.0 = Debug|Any CPU
		{11F67A23-9BDF-4C7B-B858-0960A955F66E}.Release|Any CPU.ActiveCfg = Release|Any CPU
		{11F67A23-9BDF-4C7B-B858-0960A955F66E}.Release|Any CPU.Build.0 = Release|Any CPU
		{11F67A23-9BDF-4C7B-B858-0960A955F66E}.Release|Any CPU.Deploy.0 = Release|Any CPU
		{11F67A23-9BDF-4C7B-B858-0960A955F66E}.Release|iPhone.ActiveCfg = Release|Any CPU
		{11F67A23-9BDF-4C7B-B858-0960A955F66E}.Release|iPhone.Build.0 = Release|Any CPU
		{11F67A23-9BDF-4C7B-B858-0960A955F66E}.Release|iPhone.Deploy.0 = Release|Any CPU
		{11F67A23-9BDF-4C7B-B858-0960A955F66E}.Release|iPhoneSimulator.ActiveCfg = Release|Any CPU
		{11F67A23-9BDF-4C7B-B858-0960A955F66E}.Release|iPhoneSimulator.Build.0 = Release|Any CPU
		{11F67A23-9BDF-4C7B-B858-0960A955F66E}.Release|iPhoneSimulator.Deploy.0 = Release|Any CPU
		{3BA43688-DFAE-4CD0-B3F5-73AF9AA36D04}.Debug|Any CPU.ActiveCfg = Debug|iPhone
		{3BA43688-DFAE-4CD0-B3F5-73AF9AA36D04}.Debug|Any CPU.Build.0 = Debug|iPhone
		{3BA43688-DFAE-4CD0-B3F5-73AF9AA36D04}.Debug|Any CPU.Deploy.0 = Debug|iPhone
		{3BA43688-DFAE-4CD0-B3F5-73AF9AA36D04}.Debug|iPhone.ActiveCfg = Debug|iPhone
		{3BA43688-DFAE-4CD0-B3F5-73AF9AA36D04}.Debug|iPhone.Build.0 = Debug|iPhone
		{3BA43688-DFAE-4CD0-B3F5-73AF9AA36D04}.Debug|iPhone.Deploy.0 = Debug|iPhone
		{3BA43688-DFAE-4CD0-B3F5-73AF9AA36D04}.Debug|iPhoneSimulator.ActiveCfg = Debug|iPhoneSimulator
		{3BA43688-DFAE-4CD0-B3F5-73AF9AA36D04}.Debug|iPhoneSimulator.Build.0 = Debug|iPhoneSimulator
		{3BA43688-DFAE-4CD0-B3F5-73AF9AA36D04}.Debug|iPhoneSimulator.Deploy.0 = Debug|iPhoneSimulator
		{3BA43688-DFAE-4CD0-B3F5-73AF9AA36D04}.Release|Any CPU.ActiveCfg = Release|iPhoneSimulator
		{3BA43688-DFAE-4CD0-B3F5-73AF9AA36D04}.Release|Any CPU.Build.0 = Release|iPhoneSimulator
		{3BA43688-DFAE-4CD0-B3F5-73AF9AA36D04}.Release|Any CPU.Deploy.0 = Release|iPhoneSimulator
		{3BA43688-DFAE-4CD0-B3F5-73AF9AA36D04}.Release|iPhone.ActiveCfg = Release|iPhone
		{3BA43688-DFAE-4CD0-B3F5-73AF9AA36D04}.Release|iPhone.Build.0 = Release|iPhone
		{3BA43688-DFAE-4CD0-B3F5-73AF9AA36D04}.Release|iPhone.Deploy.0 = Release|iPhone
		{3BA43688-DFAE-4CD0-B3F5-73AF9AA36D04}.Release|iPhoneSimulator.ActiveCfg = Release|iPhoneSimulator
		{3BA43688-DFAE-4CD0-B3F5-73AF9AA36D04}.Release|iPhoneSimulator.Build.0 = Release|iPhoneSimulator
		{3BA43688-DFAE-4CD0-B3F5-73AF9AA36D04}.Release|iPhoneSimulator.Deploy.0 = Release|iPhoneSimulator
		{6013299C-82FA-4D22-A645-087ED00F2FAB}.Debug|Any CPU.ActiveCfg = Debug|Any CPU
		{6013299C-82FA-4D22-A645-087ED00F2FAB}.Debug|Any CPU.Build.0 = Debug|Any CPU
		{6013299C-82FA-4D22-A645-087ED00F2FAB}.Debug|Any CPU.Deploy.0 = Debug|Any CPU
		{6013299C-82FA-4D22-A645-087ED00F2FAB}.Debug|iPhone.ActiveCfg = Debug|Any CPU
		{6013299C-82FA-4D22-A645-087ED00F2FAB}.Debug|iPhone.Build.0 = Debug|Any CPU
		{6013299C-82FA-4D22-A645-087ED00F2FAB}.Debug|iPhone.Deploy.0 = Debug|Any CPU
		{6013299C-82FA-4D22-A645-087ED00F2FAB}.Debug|iPhoneSimulator.ActiveCfg = Debug|Any CPU
		{6013299C-82FA-4D22-A645-087ED00F2FAB}.Debug|iPhoneSimulator.Build.0 = Debug|Any CPU
		{6013299C-82FA-4D22-A645-087ED00F2FAB}.Debug|iPhoneSimulator.Deploy.0 = Debug|Any CPU
		{6013299C-82FA-4D22-A645-087ED00F2FAB}.Release|Any CPU.ActiveCfg = Release|Any CPU
		{6013299C-82FA-4D22-A645-087ED00F2FAB}.Release|Any CPU.Build.0 = Release|Any CPU
		{6013299C-82FA-4D22-A645-087ED00F2FAB}.Release|Any CPU.Deploy.0 = Release|Any CPU
		{6013299C-82FA-4D22-A645-087ED00F2FAB}.Release|iPhone.ActiveCfg = Release|Any CPU
		{6013299C-82FA-4D22-A645-087ED00F2FAB}.Release|iPhone.Build.0 = Release|Any CPU
		{6013299C-82FA-4D22-A645-087ED00F2FAB}.Release|iPhone.Deploy.0 = Release|Any CPU
		{6013299C-82FA-4D22-A645-087ED00F2FAB}.Release|iPhoneSimulator.ActiveCfg = Release|Any CPU
		{6013299C-82FA-4D22-A645-087ED00F2FAB}.Release|iPhoneSimulator.Build.0 = Release|Any CPU
		{6013299C-82FA-4D22-A645-087ED00F2FAB}.Release|iPhoneSimulator.Deploy.0 = Release|Any CPU
	EndGlobalSection
	GlobalSection(SolutionProperties) = preSolution
		HideSolutionNode = FALSE
	EndGlobalSection
	GlobalSection(ExtensibilityGlobals) = postSolution
		SolutionGuid = {02EC5D90-4FD5-4587-AD2B-1788D4CBFCFE}
	EndGlobalSection
EndGlobal
